
Microsoft Visual Studio Solution File, Format Version 12.00
# Visual Studio Version 17
VisualStudioVersion = 17.5.33424.131
MinimumVisualStudioVersion = 10.0.40219.1
Project("{FAE04EC0-301F-11D3-BF4B-00C04F79EFBC}") = "ConvertDecimalToBInary", "ConvertDecimalToBInary\ConvertDecimalToBInary.csproj", "{C636F89D-159F-4CD3-A14A-A2C3FE330FD5}"
EndProject
Global
	GlobalSection(SolutionConfigurationPlatforms) = preSolution
		Debug|Any CPU = Debug|Any CPU
		Release|Any CPU = Release|Any CPU
	EndGlobalSection
	GlobalSection(ProjectConfigurationPlatforms) = postSolution
		{C636F89D-159F-4CD3-A14A-A2C3FE330FD5}.Debug|Any CPU.ActiveCfg = Debug|Any CPU
		{C636F89D-159F-4CD3-A14A-A2C3FE330FD5}.Debug|Any CPU.Build.0 = Debug|Any CPU
		{C636F89D-159F-4CD3-A14A-A2C3FE330FD5}.Release|Any CPU.ActiveCfg = Release|Any CPU
		{C636F89D-159F-4CD3-A14A-A2C3FE330FD5}.Release|Any CPU.Build.0 = Release|Any CPU
	EndGlobalSection
	GlobalSection(SolutionProperties) = preSolution
		HideSolutionNode = FALSE
	EndGlobalSection
	GlobalSection(ExtensibilityGlobals) = postSolution
		SolutionGuid = {BDBD32B0-5AD6-47E1-97D0-C6C7974CE30D}
	EndGlobalSection
EndGlobal
